
Microsoft Visual Studio Solution File, Format Version 12.00
# Visual Studio Version 16
VisualStudioVersion = 16.0.29306.81
MinimumVisualStudioVersion = 10.0.40219.1
Project("{FAE04EC0-301F-11D3-BF4B-00C04F79EFBC}") = "EF2SQL", "EF2SQL\EF2SQL.csproj", "{1E4ACF16-351B-49D0-9A85-18D5785E6402}"
EndProject
Project("{FAE04EC0-301F-11D3-BF4B-00C04F79EFBC}") = "EF2SQLLibrary", "EF2SQLLibrary\EF2SQLLibrary.csproj", "{11242F78-3B66-441C-BEF7-A4AB894EDF69}"
EndProject
Global
	GlobalSection(SolutionConfigurationPlatforms) = preSolution
		Debug|Any CPU = Debug|Any CPU
		Release|Any CPU = Release|Any CPU
	EndGlobalSection
	GlobalSection(ProjectConfigurationPlatforms) = postSolution
		{1E4ACF16-351B-49D0-9A85-18D5785E6402}.Debug|Any CPU.ActiveCfg = Debug|Any CPU
		{1E4ACF16-351B-49D0-9A85-18D5785E6402}.Debug|Any CPU.Build.0 = Debug|Any CPU
		{1E4ACF16-351B-49D0-9A85-18D5785E6402}.Release|Any CPU.ActiveCfg = Release|Any CPU
		{1E4ACF16-351B-49D0-9A85-18D5785E6402}.Release|Any CPU.Build.0 = Release|Any CPU
		{11242F78-3B66-441C-BEF7-A4AB894EDF69}.Debug|Any CPU.ActiveCfg = Debug|Any CPU
		{11242F78-3B66-441C-BEF7-A4AB894EDF69}.Debug|Any CPU.Build.0 = Debug|Any CPU
		{11242F78-3B66-441C-BEF7-A4AB894EDF69}.Release|Any CPU.ActiveCfg = Release|Any CPU
		{11242F78-3B66-441C-BEF7-A4AB894EDF69}.Release|Any CPU.Build.0 = Release|Any CPU
	EndGlobalSection
	GlobalSection(SolutionProperties) = preSolution
		HideSolutionNode = FALSE
	EndGlobalSection
	GlobalSection(ExtensibilityGlobals) = postSolution
		SolutionGuid = {69A5C5A1-E7F4-41B4-A6B9-3656708FD56E}
	EndGlobalSection
EndGlobal
